// !$*UTF8*$!
{
	archiveVersion = 1;
	classes = {
	};
	objectVersion = 46;
	objects = {

/* Begin PBXBuildFile section */
		0421CA861E4B51CC0064EA49 /* DooDalManClient.swift in Sources */ = {isa = PBXBuildFile; fileRef = 0421CA851E4B51CC0064EA49 /* DooDalManClient.swift */; };
		045CA9F31E484978006C9645 /* AppDelegate.swift in Sources */ = {isa = PBXBuildFile; fileRef = 045CA9F21E484978006C9645 /* AppDelegate.swift */; };
		045CA9F51E484978006C9645 /* MainViewController.swift in Sources */ = {isa = PBXBuildFile; fileRef = 045CA9F41E484978006C9645 /* MainViewController.swift */; };
		045CA9FA1E484978006C9645 /* Assets.xcassets in Resources */ = {isa = PBXBuildFile; fileRef = 045CA9F91E484978006C9645 /* Assets.xcassets */; };
		045CA9FD1E484978006C9645 /* LaunchScreen.storyboard in Resources */ = {isa = PBXBuildFile; fileRef = 045CA9FB1E484978006C9645 /* LaunchScreen.storyboard */; };
		045CAA081E484979006C9645 /* doodalmanTests.swift in Sources */ = {isa = PBXBuildFile; fileRef = 045CAA071E484979006C9645 /* doodalmanTests.swift */; };
		046BDA691E4989E400080576 /* Constants.swift in Sources */ = {isa = PBXBuildFile; fileRef = 046BDA681E4989E400080576 /* Constants.swift */; };
		046BDA6B1E4999F900080576 /* GCDBlackBox.swift in Sources */ = {isa = PBXBuildFile; fileRef = 046BDA6A1E4999F900080576 /* GCDBlackBox.swift */; };
		046BDA721E49C4A900080576 /* RoomListViewController.swift in Sources */ = {isa = PBXBuildFile; fileRef = 046BDA711E49C4A900080576 /* RoomListViewController.swift */; };
		046BDA751E49CA2E00080576 /* Main.storyboard in Resources */ = {isa = PBXBuildFile; fileRef = 046BDA731E49CA2E00080576 /* Main.storyboard */; };
		049BCA8D1E48795900CC8BB9 /* common.swift in Sources */ = {isa = PBXBuildFile; fileRef = 049BCA8C1E48795900CC8BB9 /* common.swift */; };
		049BCA8F1E48CFAB00CC8BB9 /* RoomListTableViewCell.swift in Sources */ = {isa = PBXBuildFile; fileRef = 049BCA8E1E48CFAB00CC8BB9 /* RoomListTableViewCell.swift */; };
		049BCA911E48E18700CC8BB9 /* RoomViewController.swift in Sources */ = {isa = PBXBuildFile; fileRef = 049BCA901E48E18700CC8BB9 /* RoomViewController.swift */; };
		04AF38351E4D9C7B008F3484 /* FilterViewController.swift in Sources */ = {isa = PBXBuildFile; fileRef = 04AF38341E4D9C7B008F3484 /* FilterViewController.swift */; };
		04BB7D641E51A16700B0AB3D /* MapViewController.swift in Sources */ = {isa = PBXBuildFile; fileRef = 04BB7D631E51A16700B0AB3D /* MapViewController.swift */; };
		407CB19B46F4AD5DE37E95BA /* Pods_doodalmanTests.framework in Frameworks */ = {isa = PBXBuildFile; fileRef = 97928FB4EB05B1380962DED4 /* Pods_doodalmanTests.framework */; };
		C6C7B19BEDF3A0164C4466D3 /* Pods_doodalman.framework in Frameworks */ = {isa = PBXBuildFile; fileRef = F524CE2F074815A203D77404 /* Pods_doodalman.framework */; };
/* End PBXBuildFile section */

/* Begin PBXContainerItemProxy section */
		045CAA041E484978006C9645 /* PBXContainerItemProxy */ = {
			isa = PBXContainerItemProxy;
			containerPortal = 045CA9E71E484978006C9645 /* Project object */;
			proxyType = 1;
			remoteGlobalIDString = 045CA9EE1E484978006C9645;
			remoteInfo = doodalman;
		};
/* End PBXContainerItemProxy section */

/* Begin PBXFileReference section */
		0421CA851E4B51CC0064EA49 /* DooDalManClient.swift */ = {isa = PBXFileReference; fileEncoding = 4; lastKnownFileType = sourcecode.swift; path = DooDalManClient.swift; sourceTree = "<group>"; };
		045CA9EF1E484978006C9645 /* doodalman.app */ = {isa = PBXFileReference; explicitFileType = wrapper.application; includeInIndex = 0; path = doodalman.app; sourceTree = BUILT_PRODUCTS_DIR; };
		045CA9F21E484978006C9645 /* AppDelegate.swift */ = {isa = PBXFileReference; lastKnownFileType = sourcecode.swift; path = AppDelegate.swift; sourceTree = "<group>"; };
		045CA9F41E484978006C9645 /* MainViewController.swift */ = {isa = PBXFileReference; lastKnownFileType = sourcecode.swift; path = MainViewController.swift; sourceTree = "<group>"; };
		045CA9F91E484978006C9645 /* Assets.xcassets */ = {isa = PBXFileReference; lastKnownFileType = folder.assetcatalog; path = Assets.xcassets; sourceTree = "<group>"; };
		045CA9FC1E484978006C9645 /* Base */ = {isa = PBXFileReference; lastKnownFileType = file.storyboard; name = Base; path = Base.lproj/LaunchScreen.storyboard; sourceTree = "<group>"; };
		045CA9FE1E484978006C9645 /* Info.plist */ = {isa = PBXFileReference; lastKnownFileType = text.plist.xml; path = Info.plist; sourceTree = "<group>"; };
		045CAA031E484978006C9645 /* doodalmanTests.xctest */ = {isa = PBXFileReference; explicitFileType = wrapper.cfbundle; includeInIndex = 0; path = doodalmanTests.xctest; sourceTree = BUILT_PRODUCTS_DIR; };
		045CAA071E484979006C9645 /* doodalmanTests.swift */ = {isa = PBXFileReference; lastKnownFileType = sourcecode.swift; path = doodalmanTests.swift; sourceTree = "<group>"; };
		045CAA091E484979006C9645 /* Info.plist */ = {isa = PBXFileReference; lastKnownFileType = text.plist.xml; path = Info.plist; sourceTree = "<group>"; };
		046BDA681E4989E400080576 /* Constants.swift */ = {isa = PBXFileReference; fileEncoding = 4; lastKnownFileType = sourcecode.swift; path = Constants.swift; sourceTree = "<group>"; };
		046BDA6A1E4999F900080576 /* GCDBlackBox.swift */ = {isa = PBXFileReference; fileEncoding = 4; lastKnownFileType = sourcecode.swift; path = GCDBlackBox.swift; sourceTree = "<group>"; };
		046BDA711E49C4A900080576 /* RoomListViewController.swift */ = {isa = PBXFileReference; fileEncoding = 4; lastKnownFileType = sourcecode.swift; path = RoomListViewController.swift; sourceTree = "<group>"; };
		046BDA741E49CA2E00080576 /* Base */ = {isa = PBXFileReference; lastKnownFileType = file.storyboard; name = Base; path = Base.lproj/Main.storyboard; sourceTree = "<group>"; };
		049BCA8C1E48795900CC8BB9 /* common.swift */ = {isa = PBXFileReference; fileEncoding = 4; lastKnownFileType = sourcecode.swift; path = common.swift; sourceTree = "<group>"; };
		049BCA8E1E48CFAB00CC8BB9 /* RoomListTableViewCell.swift */ = {isa = PBXFileReference; fileEncoding = 4; lastKnownFileType = sourcecode.swift; path = RoomListTableViewCell.swift; sourceTree = "<group>"; };
		049BCA901E48E18700CC8BB9 /* RoomViewController.swift */ = {isa = PBXFileReference; fileEncoding = 4; lastKnownFileType = sourcecode.swift; path = RoomViewController.swift; sourceTree = "<group>"; };
		04AF38341E4D9C7B008F3484 /* FilterViewController.swift */ = {isa = PBXFileReference; fileEncoding = 4; lastKnownFileType = sourcecode.swift; path = FilterViewController.swift; sourceTree = "<group>"; };
		04BB7D631E51A16700B0AB3D /* MapViewController.swift */ = {isa = PBXFileReference; fileEncoding = 4; lastKnownFileType = sourcecode.swift; path = MapViewController.swift; sourceTree = "<group>"; };
		97928FB4EB05B1380962DED4 /* Pods_doodalmanTests.framework */ = {isa = PBXFileReference; explicitFileType = wrapper.framework; includeInIndex = 0; path = Pods_doodalmanTests.framework; sourceTree = BUILT_PRODUCTS_DIR; };
		9F7663DCC75AF507C2AF86D4 /* Pods-doodalmanTests.debug.xcconfig */ = {isa = PBXFileReference; includeInIndex = 1; lastKnownFileType = text.xcconfig; name = "Pods-doodalmanTests.debug.xcconfig"; path = "Pods/Target Support Files/Pods-doodalmanTests/Pods-doodalmanTests.debug.xcconfig"; sourceTree = "<group>"; };
		B44867EBED58229D8A81DC75 /* Pods-doodalman.debug.xcconfig */ = {isa = PBXFileReference; includeInIndex = 1; lastKnownFileType = text.xcconfig; name = "Pods-doodalman.debug.xcconfig"; path = "Pods/Target Support Files/Pods-doodalman/Pods-doodalman.debug.xcconfig"; sourceTree = "<group>"; };
		BA02C1F7FBA5DC8B53336832 /* Pods-doodalmanTests.release.xcconfig */ = {isa = PBXFileReference; includeInIndex = 1; lastKnownFileType = text.xcconfig; name = "Pods-doodalmanTests.release.xcconfig"; path = "Pods/Target Support Files/Pods-doodalmanTests/Pods-doodalmanTests.release.xcconfig"; sourceTree = "<group>"; };
		E4C3D581AD4ECCCC1FCC89FF /* Pods-doodalman.release.xcconfig */ = {isa = PBXFileReference; includeInIndex = 1; lastKnownFileType = text.xcconfig; name = "Pods-doodalman.release.xcconfig"; path = "Pods/Target Support Files/Pods-doodalman/Pods-doodalman.release.xcconfig"; sourceTree = "<group>"; };
		F524CE2F074815A203D77404 /* Pods_doodalman.framework */ = {isa = PBXFileReference; explicitFileType = wrapper.framework; includeInIndex = 0; path = Pods_doodalman.framework; sourceTree = BUILT_PRODUCTS_DIR; };
/* End PBXFileReference section */

/* Begin PBXFrameworksBuildPhase section */
		045CA9EC1E484978006C9645 /* Frameworks */ = {
			isa = PBXFrameworksBuildPhase;
			buildActionMask = 2147483647;
			files = (
				C6C7B19BEDF3A0164C4466D3 /* Pods_doodalman.framework in Frameworks */,
			);
			runOnlyForDeploymentPostprocessing = 0;
		};
		045CAA001E484978006C9645 /* Frameworks */ = {
			isa = PBXFrameworksBuildPhase;
			buildActionMask = 2147483647;
			files = (
				407CB19B46F4AD5DE37E95BA /* Pods_doodalmanTests.framework in Frameworks */,
			);
			runOnlyForDeploymentPostprocessing = 0;
		};
/* End PBXFrameworksBuildPhase section */

/* Begin PBXGroup section */
		045CA9E61E484978006C9645 = {
			isa = PBXGroup;
			children = (
				045CA9F11E484978006C9645 /* doodalman */,
				045CAA061E484978006C9645 /* doodalmanTests */,
				045CA9F01E484978006C9645 /* Products */,
				DE96F524FBB72F0CB61B7C41 /* Pods */,
				B63E76CE62A0E3D81C0D61EF /* Frameworks */,
			);
			sourceTree = "<group>";
		};
		045CA9F01E484978006C9645 /* Products */ = {
			isa = PBXGroup;
			children = (
				045CA9EF1E484978006C9645 /* doodalman.app */,
				045CAA031E484978006C9645 /* doodalmanTests.xctest */,
			);
			name = Products;
			sourceTree = "<group>";
		};
		045CA9F11E484978006C9645 /* doodalman */ = {
			isa = PBXGroup;
			children = (
				045CA9F21E484978006C9645 /* AppDelegate.swift */,
				046BDA6A1E4999F900080576 /* GCDBlackBox.swift */,
				046BDA6C1E49B16E00080576 /* Model */,
				046BDA6D1E49B17400080576 /* View */,
				046BDA6E1E49B17900080576 /* Controller */,
				049BCA8B1E48794800CC8BB9 /* common */,
				046BDA6F1E49B19A00080576 /* Assets */,
				046BDA701E49B1E700080576 /* Support */,
			);
			path = doodalman;
			sourceTree = "<group>";
		};
		045CAA061E484978006C9645 /* doodalmanTests */ = {
			isa = PBXGroup;
			children = (
				045CAA071E484979006C9645 /* doodalmanTests.swift */,
				045CAA091E484979006C9645 /* Info.plist */,
			);
			path = doodalmanTests;
			sourceTree = "<group>";
		};
		046BDA6C1E49B16E00080576 /* Model */ = {
			isa = PBXGroup;
			children = (
				0421CA851E4B51CC0064EA49 /* DooDalManClient.swift */,
			);
			name = Model;
			sourceTree = "<group>";
		};
		046BDA6D1E49B17400080576 /* View */ = {
			isa = PBXGroup;
			children = (
				049BCA8E1E48CFAB00CC8BB9 /* RoomListTableViewCell.swift */,
			);
			name = View;
			sourceTree = "<group>";
		};
		046BDA6E1E49B17900080576 /* Controller */ = {
			isa = PBXGroup;
			children = (
				045CA9F41E484978006C9645 /* MainViewController.swift */,
				04BB7D631E51A16700B0AB3D /* MapViewController.swift */,
				046BDA711E49C4A900080576 /* RoomListViewController.swift */,
				049BCA901E48E18700CC8BB9 /* RoomViewController.swift */,
				04AF38341E4D9C7B008F3484 /* FilterViewController.swift */,
			);
			name = Controller;
			sourceTree = "<group>";
		};
		046BDA6F1E49B19A00080576 /* Assets */ = {
			isa = PBXGroup;
			children = (
				046BDA731E49CA2E00080576 /* Main.storyboard */,
				045CA9F91E484978006C9645 /* Assets.xcassets */,
				045CA9FB1E484978006C9645 /* LaunchScreen.storyboard */,
			);
			name = Assets;
			sourceTree = "<group>";
		};
		046BDA701E49B1E700080576 /* Support */ = {
			isa = PBXGroup;
			children = (
				045CA9FE1E484978006C9645 /* Info.plist */,
			);
			name = Support;
			sourceTree = "<group>";
		};
		049BCA8B1E48794800CC8BB9 /* common */ = {
			isa = PBXGroup;
			children = (
				049BCA8C1E48795900CC8BB9 /* common.swift */,
				046BDA681E4989E400080576 /* Constants.swift */,
			);
			name = common;
			sourceTree = "<group>";
		};
		B63E76CE62A0E3D81C0D61EF /* Frameworks */ = {
			isa = PBXGroup;
			children = (
				F524CE2F074815A203D77404 /* Pods_doodalman.framework */,
				97928FB4EB05B1380962DED4 /* Pods_doodalmanTests.framework */,
			);
			name = Frameworks;
			sourceTree = "<group>";
		};
		DE96F524FBB72F0CB61B7C41 /* Pods */ = {
			isa = PBXGroup;
			children = (
				B44867EBED58229D8A81DC75 /* Pods-doodalman.debug.xcconfig */,
				E4C3D581AD4ECCCC1FCC89FF /* Pods-doodalman.release.xcconfig */,
				9F7663DCC75AF507C2AF86D4 /* Pods-doodalmanTests.debug.xcconfig */,
				BA02C1F7FBA5DC8B53336832 /* Pods-doodalmanTests.release.xcconfig */,
			);
			name = Pods;
			sourceTree = "<group>";
		};
/* End PBXGroup section */

/* Begin PBXNativeTarget section */
		045CA9EE1E484978006C9645 /* doodalman */ = {
			isa = PBXNativeTarget;
			buildConfigurationList = 045CAA0C1E484979006C9645 /* Build configuration list for PBXNativeTarget "doodalman" */;
			buildPhases = (
				5A9F8E6B5CB13D470961CA00 /* [CP] Check Pods Manifest.lock */,
				045CA9EB1E484978006C9645 /* Sources */,
				045CA9EC1E484978006C9645 /* Frameworks */,
				045CA9ED1E484978006C9645 /* Resources */,
				AF84217C8E1AF0B366A49BF6 /* [CP] Embed Pods Frameworks */,
				9CD54D1FAC888F0001AF7993 /* [CP] Copy Pods Resources */,
			);
			buildRules = (
			);
			dependencies = (
			);
			name = doodalman;
			productName = doodalman;
			productReference = 045CA9EF1E484978006C9645 /* doodalman.app */;
			productType = "com.apple.product-type.application";
		};
		045CAA021E484978006C9645 /* doodalmanTests */ = {
			isa = PBXNativeTarget;
			buildConfigurationList = 045CAA0F1E484979006C9645 /* Build configuration list for PBXNativeTarget "doodalmanTests" */;
			buildPhases = (
				1899AC293859A747C171F540 /* [CP] Check Pods Manifest.lock */,
				045CA9FF1E484978006C9645 /* Sources */,
				045CAA001E484978006C9645 /* Frameworks */,
				045CAA011E484978006C9645 /* Resources */,
				94AA25FC5A68509F8CDF4114 /* [CP] Embed Pods Frameworks */,
				81F57035E0B6B485A7D0FE3E /* [CP] Copy Pods Resources */,
			);
			buildRules = (
			);
			dependencies = (
				045CAA051E484978006C9645 /* PBXTargetDependency */,
			);
			name = doodalmanTests;
			productName = doodalmanTests;
			productReference = 045CAA031E484978006C9645 /* doodalmanTests.xctest */;
			productType = "com.apple.product-type.bundle.unit-test";
		};
/* End PBXNativeTarget section */

/* Begin PBXProject section */
		045CA9E71E484978006C9645 /* Project object */ = {
			isa = PBXProject;
			attributes = {
				LastSwiftUpdateCheck = 0820;
				LastUpgradeCheck = 0820;
				ORGANIZATIONNAME = song;
				TargetAttributes = {
					045CA9EE1E484978006C9645 = {
						CreatedOnToolsVersion = 8.2.1;
						DevelopmentTeam = Q3RWAXNT33;
						ProvisioningStyle = Automatic;
					};
					045CAA021E484978006C9645 = {
						CreatedOnToolsVersion = 8.2.1;
						ProvisioningStyle = Automatic;
						TestTargetID = 045CA9EE1E484978006C9645;
					};
				};
			};
			buildConfigurationList = 045CA9EA1E484978006C9645 /* Build configuration list for PBXProject "doodalman" */;
			compatibilityVersion = "Xcode 3.2";
			developmentRegion = English;
			hasScannedForEncodings = 0;
			knownRegions = (
				en,
				Base,
			);
			mainGroup = 045CA9E61E484978006C9645;
			productRefGroup = 045CA9F01E484978006C9645 /* Products */;
			projectDirPath = "";
			projectRoot = "";
			targets = (
				045CA9EE1E484978006C9645 /* doodalman */,
				045CAA021E484978006C9645 /* doodalmanTests */,
			);
		};
/* End PBXProject section */

/* Begin PBXResourcesBuildPhase section */
		045CA9ED1E484978006C9645 /* Resources */ = {
			isa = PBXResourcesBuildPhase;
			buildActionMask = 2147483647;
			files = (
				046BDA751E49CA2E00080576 /* Main.storyboard in Resources */,
				045CA9FD1E484978006C9645 /* LaunchScreen.storyboard in Resources */,
				045CA9FA1E484978006C9645 /* Assets.xcassets in Resources */,
			);
			runOnlyForDeploymentPostprocessing = 0;
		};
		045CAA011E484978006C9645 /* Resources */ = {
			isa = PBXResourcesBuildPhase;
			buildActionMask = 2147483647;
			files = (
			);
			runOnlyForDeploymentPostprocessing = 0;
		};
/* End PBXResourcesBuildPhase section */

/* Begin PBXShellScriptBuildPhase section */
		1899AC293859A747C171F540 /* [CP] Check Pods Manifest.lock */ = {
			isa = PBXShellScriptBuildPhase;
			buildActionMask = 2147483647;
			files = (
			);
			inputPaths = (
			);
			name = "[CP] Check Pods Manifest.lock";
			outputPaths = (
			);
			runOnlyForDeploymentPostprocessing = 0;
			shellPath = /bin/sh;
			shellScript = "diff \"${PODS_ROOT}/../Podfile.lock\" \"${PODS_ROOT}/Manifest.lock\" > /dev/null\nif [ $? != 0 ] ; then\n    # print error to STDERR\n    echo \"error: The sandbox is not in sync with the Podfile.lock. Run 'pod install' or update your CocoaPods installation.\" >&2\n    exit 1\nfi\n";
			showEnvVarsInLog = 0;
		};
		5A9F8E6B5CB13D470961CA00 /* [CP] Check Pods Manifest.lock */ = {
			isa = PBXShellScriptBuildPhase;
			buildActionMask = 2147483647;
			files = (
			);
			inputPaths = (
			);
			name = "[CP] Check Pods Manifest.lock";
			outputPaths = (
			);
			runOnlyForDeploymentPostprocessing = 0;
			shellPath = /bin/sh;
			shellScript = "diff \"${PODS_ROOT}/../Podfile.lock\" \"${PODS_ROOT}/Manifest.lock\" > /dev/null\nif [ $? != 0 ] ; then\n    # print error to STDERR\n    echo \"error: The sandbox is not in sync with the Podfile.lock. Run 'pod install' or update your CocoaPods installation.\" >&2\n    exit 1\nfi\n";
			showEnvVarsInLog = 0;
		};
		81F57035E0B6B485A7D0FE3E /* [CP] Copy Pods Resources */ = {
			isa = PBXShellScriptBuildPhase;
			buildActionMask = 2147483647;
			files = (
			);
			inputPaths = (
			);
			name = "[CP] Copy Pods Resources";
			outputPaths = (
			);
			runOnlyForDeploymentPostprocessing = 0;
			shellPath = /bin/sh;
			shellScript = "\"${SRCROOT}/Pods/Target Support Files/Pods-doodalmanTests/Pods-doodalmanTests-resources.sh\"\n";
			showEnvVarsInLog = 0;
		};
		94AA25FC5A68509F8CDF4114 /* [CP] Embed Pods Frameworks */ = {
			isa = PBXShellScriptBuildPhase;
			buildActionMask = 2147483647;
			files = (
			);
			inputPaths = (
			);
			name = "[CP] Embed Pods Frameworks";
			outputPaths = (
			);
			runOnlyForDeploymentPostprocessing = 0;
			shellPath = /bin/sh;
			shellScript = "\"${SRCROOT}/Pods/Target Support Files/Pods-doodalmanTests/Pods-doodalmanTests-frameworks.sh\"\n";
			showEnvVarsInLog = 0;
		};
		9CD54D1FAC888F0001AF7993 /* [CP] Copy Pods Resources */ = {
			isa = PBXShellScriptBuildPhase;
			buildActionMask = 2147483647;
			files = (
			);
			inputPaths = (
			);
			name = "[CP] Copy Pods Resources";
			outputPaths = (
			);
			runOnlyForDeploymentPostprocessing = 0;
			shellPath = /bin/sh;
			shellScript = "\"${SRCROOT}/Pods/Target Support Files/Pods-doodalman/Pods-doodalman-resources.sh\"\n";
			showEnvVarsInLog = 0;
		};
		AF84217C8E1AF0B366A49BF6 /* [CP] Embed Pods Frameworks */ = {
			isa = PBXShellScriptBuildPhase;
			buildActionMask = 2147483647;
			files = (
			);
			inputPaths = (
			);
			name = "[CP] Embed Pods Frameworks";
			outputPaths = (
			);
			runOnlyForDeploymentPostprocessing = 0;
			shellPath = /bin/sh;
			shellScript = "\"${SRCROOT}/Pods/Target Support Files/Pods-doodalman/Pods-doodalman-frameworks.sh\"\n";
			showEnvVarsInLog = 0;
		};
/* End PBXShellScriptBuildPhase section */

/* Begin PBXSourcesBuildPhase section */
		045CA9EB1E484978006C9645 /* Sources */ = {
			isa = PBXSourcesBuildPhase;
			buildActionMask = 2147483647;
			files = (
				046BDA6B1E4999F900080576 /* GCDBlackBox.swift in Sources */,
				049BCA8D1E48795900CC8BB9 /* common.swift in Sources */,
				04BB7D641E51A16700B0AB3D /* MapViewController.swift in Sources */,
				046BDA691E4989E400080576 /* Constants.swift in Sources */,
				049BCA8F1E48CFAB00CC8BB9 /* RoomListTableViewCell.swift in Sources */,
				049BCA911E48E18700CC8BB9 /* RoomViewController.swift in Sources */,
				04AF38351E4D9C7B008F3484 /* FilterViewController.swift in Sources */,
				0421CA861E4B51CC0064EA49 /* DooDalManClient.swift in Sources */,
				046BDA721E49C4A900080576 /* RoomListViewController.swift in Sources */,
				045CA9F51E484978006C9645 /* MainViewController.swift in Sources */,
				045CA9F31E484978006C9645 /* AppDelegate.swift in Sources */,
			);
			runOnlyForDeploymentPostprocessing = 0;
		};
		045CA9FF1E484978006C9645 /* Sources */ = {
			isa = PBXSourcesBuildPhase;
			buildActionMask = 2147483647;
			files = (
				045CAA081E484979006C9645 /* doodalmanTests.swift in Sources */,
			);
			runOnlyForDeploymentPostprocessing = 0;
		};
/* End PBXSourcesBuildPhase section */

/* Begin PBXTargetDependency section */
		045CAA051E484978006C9645 /* PBXTargetDependency */ = {
			isa = PBXTargetDependency;
			target = 045CA9EE1E484978006C9645 /* doodalman */;
			targetProxy = 045CAA041E484978006C9645 /* PBXContainerItemProxy */;
		};
/* End PBXTargetDependency section */

/* Begin PBXVariantGroup section */
		045CA9FB1E484978006C9645 /* LaunchScreen.storyboard */ = {
			isa = PBXVariantGroup;
			children = (
				045CA9FC1E484978006C9645 /* Base */,
			);
			name = LaunchScreen.storyboard;
			sourceTree = "<group>";
		};
		046BDA731E49CA2E00080576 /* Main.storyboard */ = {
			isa = PBXVariantGroup;
			children = (
				046BDA741E49CA2E00080576 /* Base */,
			);
			name = Main.storyboard;
			sourceTree = "<group>";
		};
/* End PBXVariantGroup section */

/* Begin XCBuildConfiguration section */
		045CAA0A1E484979006C9645 /* Debug */ = {
			isa = XCBuildConfiguration;
			buildSettings = {
				ALWAYS_SEARCH_USER_PATHS = NO;
				CLANG_ANALYZER_NONNULL = YES;
				CLANG_CXX_LANGUAGE_STANDARD = "gnu++0x";
				CLANG_CXX_LIBRARY = "libc++";
				CLANG_ENABLE_MODULES = YES;
				CLANG_ENABLE_OBJC_ARC = YES;
				CLANG_WARN_BOOL_CONVERSION = YES;
				CLANG_WARN_CONSTANT_CONVERSION = YES;
				CLANG_WARN_DIRECT_OBJC_ISA_USAGE = YES_ERROR;
				CLANG_WARN_DOCUMENTATION_COMMENTS = YES;
				CLANG_WARN_EMPTY_BODY = YES;
				CLANG_WARN_ENUM_CONVERSION = YES;
				CLANG_WARN_INFINITE_RECURSION = YES;
				CLANG_WARN_INT_CONVERSION = YES;
				CLANG_WARN_OBJC_ROOT_CLASS = YES_ERROR;
				CLANG_WARN_SUSPICIOUS_MOVE = YES;
				CLANG_WARN_UNREACHABLE_CODE = YES;
				CLANG_WARN__DUPLICATE_METHOD_MATCH = YES;
				"CODE_SIGN_IDENTITY[sdk=iphoneos*]" = "iPhone Developer";
				COPY_PHASE_STRIP = NO;
				DEBUG_INFORMATION_FORMAT = dwarf;
				ENABLE_STRICT_OBJC_MSGSEND = YES;
				ENABLE_TESTABILITY = YES;
				GCC_C_LANGUAGE_STANDARD = gnu99;
				GCC_DYNAMIC_NO_PIC = NO;
				GCC_NO_COMMON_BLOCKS = YES;
				GCC_OPTIMIZATION_LEVEL = 0;
				GCC_PREPROCESSOR_DEFINITIONS = (
					"DEBUG=1",
					"$(inherited)",
				);
				GCC_WARN_64_TO_32_BIT_CONVERSION = YES;
				GCC_WARN_ABOUT_RETURN_TYPE = YES_ERROR;
				GCC_WARN_UNDECLARED_SELECTOR = YES;
				GCC_WARN_UNINITIALIZED_AUTOS = YES_AGGRESSIVE;
				GCC_WARN_UNUSED_FUNCTION = YES;
				GCC_WARN_UNUSED_VARIABLE = YES;
				IPHONEOS_DEPLOYMENT_TARGET = 10.2;
				MTL_ENABLE_DEBUG_INFO = YES;
				ONLY_ACTIVE_ARCH = YES;
				SDKROOT = iphoneos;
				SWIFT_ACTIVE_COMPILATION_CONDITIONS = DEBUG;
				SWIFT_OPTIMIZATION_LEVEL = "-Onone";
			};
			name = Debug;
		};
		045CAA0B1E484979006C9645 /* Release */ = {
			isa = XCBuildConfiguration;
			buildSettings = {
				ALWAYS_SEARCH_USER_PATHS = NO;
				CLANG_ANALYZER_NONNULL = YES;
				CLANG_CXX_LANGUAGE_STANDARD = "gnu++0x";
				CLANG_CXX_LIBRARY = "libc++";
				CLANG_ENABLE_MODULES = YES;
				CLANG_ENABLE_OBJC_ARC = YES;
				CLANG_WARN_BOOL_CONVERSION = YES;
				CLANG_WARN_CONSTANT_CONVERSION = YES;
				CLANG_WARN_DIRECT_OBJC_ISA_USAGE = YES_ERROR;
				CLANG_WARN_DOCUMENTATION_COMMENTS = YES;
				CLANG_WARN_EMPTY_BODY = YES;
				CLANG_WARN_ENUM_CONVERSION = YES;
				CLANG_WARN_INFINITE_RECURSION = YES;
				CLANG_WARN_INT_CONVERSION = YES;
				CLANG_WARN_OBJC_ROOT_CLASS = YES_ERROR;
				CLANG_WARN_SUSPICIOUS_MOVE = YES;
				CLANG_WARN_UNREACHABLE_CODE = YES;
				CLANG_WARN__DUPLICATE_METHOD_MATCH = YES;
				"CODE_SIGN_IDENTITY[sdk=iphoneos*]" = "iPhone Developer";
				COPY_PHASE_STRIP = NO;
				DEBUG_INFORMATION_FORMAT = "dwarf-with-dsym";
				ENABLE_NS_ASSERTIONS = NO;
				ENABLE_STRICT_OBJC_MSGSEND = YES;
				GCC_C_LANGUAGE_STANDARD = gnu99;
				GCC_NO_COMMON_BLOCKS = YES;
				GCC_WARN_64_TO_32_BIT_CONVERSION = YES;
				GCC_WARN_ABOUT_RETURN_TYPE = YES_ERROR;
				GCC_WARN_UNDECLARED_SELECTOR = YES;
				GCC_WARN_UNINITIALIZED_AUTOS = YES_AGGRESSIVE;
				GCC_WARN_UNUSED_FUNCTION = YES;
				GCC_WARN_UNUSED_VARIABLE = YES;
				IPHONEOS_DEPLOYMENT_TARGET = 10.2;
				MTL_ENABLE_DEBUG_INFO = NO;
				SDKROOT = iphoneos;
				SWIFT_OPTIMIZATION_LEVEL = "-Owholemodule";
				VALIDATE_PRODUCT = YES;
			};
			name = Release;
		};
		045CAA0D1E484979006C9645 /* Debug */ = {
			isa = XCBuildConfiguration;
			baseConfigurationReference = B44867EBED58229D8A81DC75 /* Pods-doodalman.debug.xcconfig */;
			buildSettings = {
				ASSETCATALOG_COMPILER_APPICON_NAME = AppIcon;
				DEVELOPMENT_TEAM = Q3RWAXNT33;
				INFOPLIST_FILE = doodalman/Info.plist;
				LD_RUNPATH_SEARCH_PATHS = "$(inherited) @executable_path/Frameworks";
				PRODUCT_BUNDLE_IDENTIFIER = com.song.doodalman;
				PRODUCT_NAME = "$(TARGET_NAME)";
				SWIFT_VERSION = 3.0;
			};
			name = Debug;
		};
		045CAA0E1E484979006C9645 /* Release */ = {
			isa = XCBuildConfiguration;
			baseConfigurationReference = E4C3D581AD4ECCCC1FCC89FF /* Pods-doodalman.release.xcconfig */;
			buildSettings = {
				ASSETCATALOG_COMPILER_APPICON_NAME = AppIcon;
				DEVELOPMENT_TEAM = Q3RWAXNT33;
				INFOPLIST_FILE = doodalman/Info.plist;
				LD_RUNPATH_SEARCH_PATHS = "$(inherited) @executable_path/Frameworks";
				PRODUCT_BUNDLE_IDENTIFIER = com.song.doodalman;
				PRODUCT_NAME = "$(TARGET_NAME)";
				SWIFT_VERSION = 3.0;
			};
			name = Release;
		};
		045CAA101E484979006C9645 /* Debug */ = {
			isa = XCBuildConfiguration;
			baseConfigurationReference = 9F7663DCC75AF507C2AF86D4 /* Pods-doodalmanTests.debug.xcconfig */;
			buildSettings = {
				ALWAYS_EMBED_SWIFT_STANDARD_LIBRARIES = YES;
				BUNDLE_LOADER = "$(TEST_HOST)";
				INFOPLIST_FILE = doodalmanTests/Info.plist;
				LD_RUNPATH_SEARCH_PATHS = "$(inherited) @executable_path/Frameworks @loader_path/Frameworks";
				PRODUCT_BUNDLE_IDENTIFIER = com.song.doodalmanTests;
				PRODUCT_NAME = "$(TARGET_NAME)";
				SWIFT_VERSION = 3.0;
				TEST_HOST = "$(BUILT_PRODUCTS_DIR)/doodalman.app/doodalman";
			};
			name = Debug;
		};
		045CAA111E484979006C9645 /* Release */ = {
			isa = XCBuildConfiguration;
			baseConfigurationReference = BA02C1F7FBA5DC8B53336832 /* Pods-doodalmanTests.release.xcconfig */;
			buildSettings = {
				ALWAYS_EMBED_SWIFT_STANDARD_LIBRARIES = YES;
				BUNDLE_LOADER = "$(TEST_HOST)";
				INFOPLIST_FILE = doodalmanTests/Info.plist;
				LD_RUNPATH_SEARCH_PATHS = "$(inherited) @executable_path/Frameworks @loader_path/Frameworks";
				PRODUCT_BUNDLE_IDENTIFIER = com.song.doodalmanTests;
				PRODUCT_NAME = "$(TARGET_NAME)";
				SWIFT_VERSION = 3.0;
				TEST_HOST = "$(BUILT_PRODUCTS_DIR)/doodalman.app/doodalman";
			};
			name = Release;
		};
/* End XCBuildConfiguration section */

/* Begin XCConfigurationList section */
		045CA9EA1E484978006C9645 /* Build configuration list for PBXProject "doodalman" */ = {
			isa = XCConfigurationList;
			buildConfigurations = (
				045CAA0A1E484979006C9645 /* Debug */,
				045CAA0B1E484979006C9645 /* Release */,
			);
			defaultConfigurationIsVisible = 0;
			defaultConfigurationName = Release;
		};
		045CAA0C1E484979006C9645 /* Build configuration list for PBXNativeTarget "doodalman" */ = {
			isa = XCConfigurationList;
			buildConfigurations = (
				045CAA0D1E484979006C9645 /* Debug */,
				045CAA0E1E484979006C9645 /* Release */,
			);
			defaultConfigurationIsVisible = 0;
			defaultConfigurationName = Release;
		};
		045CAA0F1E484979006C9645 /* Build configuration list for PBXNativeTarget "doodalmanTests" */ = {
			isa = XCConfigurationList;
			buildConfigurations = (
				045CAA101E484979006C9645 /* Debug */,
				045CAA111E484979006C9645 /* Release */,
			);
			defaultConfigurationIsVisible = 0;
			defaultConfigurationName = Release;
		};
/* End XCConfigurationList section */
	};
	rootObject = 045CA9E71E484978006C9645 /* Project object */;
}
